
Microsoft Visual Studio Solution File, Format Version 12.00
# Visual Studio Version 17
VisualStudioVersion = 17.6.33829.357
MinimumVisualStudioVersion = 10.0.40219.1
Project("{FAE04EC0-301F-11D3-BF4B-00C04F79EFBC}") = "Arduino_Communication", "Arduino_Communication\Arduino_Communication.csproj", "{8186BB85-2128-4EAE-B3A6-80BCF6A34D6B}"
EndProject
Global
	GlobalSection(SolutionConfigurationPlatforms) = preSolution
		Debug|Any CPU = Debug|Any CPU
		Release|Any CPU = Release|Any CPU
	EndGlobalSection
	GlobalSection(ProjectConfigurationPlatforms) = postSolution
		{8186BB85-2128-4EAE-B3A6-80BCF6A34D6B}.Debug|Any CPU.ActiveCfg = Debug|Any CPU
		{8186BB85-2128-4EAE-B3A6-80BCF6A34D6B}.Debug|Any CPU.Build.0 = Debug|Any CPU
		{8186BB85-2128-4EAE-B3A6-80BCF6A34D6B}.Release|Any CPU.ActiveCfg = Release|Any CPU
		{8186BB85-2128-4EAE-B3A6-80BCF6A34D6B}.Release|Any CPU.Build.0 = Release|Any CPU
	EndGlobalSection
	GlobalSection(SolutionProperties) = preSolution
		HideSolutionNode = FALSE
	EndGlobalSection
	GlobalSection(ExtensibilityGlobals) = postSolution
		SolutionGuid = {AF17B1DB-F260-4099-89D0-BC7F24F9292D}
	EndGlobalSection
EndGlobal
